
Microsoft Visual Studio Solution File, Format Version 12.00
# Visual Studio 15
VisualStudioVersion = 15.0.27703.2042
MinimumVisualStudioVersion = 10.0.40219.1
Project("{FAE04EC0-301F-11D3-BF4B-00C04F79EFBC}") = "WordOutput", "WordOutput\WordOutput.csproj", "{0860FB95-6B65-467A-95B9-E9BA8C56B55C}"
EndProject
Global
	GlobalSection(SolutionConfigurationPlatforms) = preSolution
		Debug|Any CPU = Debug|Any CPU
		Release|Any CPU = Release|Any CPU
	EndGlobalSection
	GlobalSection(ProjectConfigurationPlatforms) = postSolution
		{0860FB95-6B65-467A-95B9-E9BA8C56B55C}.Debug|Any CPU.ActiveCfg = Debug|Any CPU
		{0860FB95-6B65-467A-95B9-E9BA8C56B55C}.Debug|Any CPU.Build.0 = Debug|Any CPU
		{0860FB95-6B65-467A-95B9-E9BA8C56B55C}.Release|Any CPU.ActiveCfg = Release|Any CPU
		{0860FB95-6B65-467A-95B9-E9BA8C56B55C}.Release|Any CPU.Build.0 = Release|Any CPU
	EndGlobalSection
	GlobalSection(SolutionProperties) = preSolution
		HideSolutionNode = FALSE
	EndGlobalSection
	GlobalSection(ExtensibilityGlobals) = postSolution
		SolutionGuid = {CD30701D-855F-4AB6-913F-140B35B1D72A}
	EndGlobalSection
EndGlobal
